<?xml version="1.0" encoding="utf-8"?>
<Project ToolsVersion="4.0" xmlns="http://schemas.microsoft.com/developer/msbuild/2003">
  <ItemGroup>
    <Filter Include="Source Files">
      <UniqueIdentifier>{4FC737F1-C7A5-4376-A066-2A32D752A2FF}</UniqueIdentifier>
      <Extensions>qml;cpp;c;cc;cxx;def;odl;idl;hpj;bat;asm;asmx</Extensions>
    </Filter>
    <Filter Include="Header Files">
      <UniqueIdentifier>{93995380-89BD-4b04-88EB-625FBE52EBFB}</UniqueIdentifier>
      <Extensions>h;hh;hpp;hxx;hm;inl;inc;xsd</Extensions>
    </Filter>
    <Filter Include="Resource Files">
      <UniqueIdentifier>{67DA6AB6-F800-4c08-8B7A-83BB121AAD01}</UniqueIdentifier>
      <Extensions>qrc;rc;ico;cur;bmp;dlg;rc2;rct;bin;rgs;gif;jpg;jpeg;jpe;resx;tiff;tif;png;wav;mfcribbon-ms</Extensions>
    </Filter>
    <Filter Include="Form Files">
      <UniqueIdentifier>{99349809-55BA-4b9d-BF79-8FDBB0286EB3}</UniqueIdentifier>
      <Extensions>ui</Extensions>
    </Filter>
    <Filter Include="Translation Files">
      <UniqueIdentifier>{639EADAA-A684-42e4-A9AD-28FC9BCB8F7C}</UniqueIdentifier>
      <Extensions>ts</Extensions>
    </Filter>
  </ItemGroup>
  <ItemGroup>
    <ClCompile Include="src\core\AudioPlayer.cpp">
      <Filter>Source Files</Filter>
    </ClCompile>
    <ClCompile Include="src\core\AudioPreprocessor.cpp">
      <Filter>Source Files</Filter>
    </ClCompile>
    <ClCompile Include="src\core\JSONHandler.cpp">
      <Filter>Source Files</Filter>
    </ClCompile>
    <ClCompile Include="src\core\TcpClient.cpp">
      <Filter>Source Files</Filter>
    </ClCompile>
    <ClCompile Include="src\core\Timeline.cpp">
      <Filter>Source Files</Filter>
    </ClCompile>
    <ClCompile Include="src\core\WaypointCompressor.cpp">
      <Filter>Source Files</Filter>
    </ClCompile>
    <ClCompile Include="src\core\WaypointSerializer.cpp">
      <Filter>Source Files</Filter>
    </ClCompile>
    <ClCompile Include="src\ui\LedSuitPictogram.cpp">
      <Filter>Source Files</Filter>
    </ClCompile>
    <ClCompile Include="src\ui\MainWindow.cpp">
      <Filter>Source Files</Filter>
    </ClCompile>
    <ClCompile Include="src\ui\Preset.cpp">
      <Filter>Source Files</Filter>
    </ClCompile>
    <ClCompile Include="src\ui\PresetManager.cpp">
      <Filter>Source Files</Filter>
    </ClCompile>
    <ClCompile Include="src\ui\SettingsDialog.cpp">
      <Filter>Source Files</Filter>
    </ClCompile>
    <ClCompile Include="src\ui\SpectrogramView.cpp">
      <Filter>Source Files</Filter>
    </ClCompile>
    <ClCompile Include="src\ConfigUtils.cpp">
      <Filter>Source Files</Filter>
    </ClCompile>
    <ClCompile Include="src\main.cpp">
      <Filter>Source Files</Filter>
    </ClCompile>
  </ItemGroup>
  <ItemGroup>
    <QtMoc Include="include\core\AudioPlayer.h">
      <Filter>Header Files</Filter>
    </QtMoc>
    <QtMoc Include="include\core\TcpClient.h">
      <Filter>Header Files</Filter>
    </QtMoc>
    <QtMoc Include="include\ui\LedSuitPictogram.h">
      <Filter>Header Files</Filter>
    </QtMoc>
    <QtMoc Include="include\ui\MainWindow.h">
      <Filter>Header Files</Filter>
    </QtMoc>
    <QtMoc Include="include\ui\SettingsDialog.h">
      <Filter>Header Files</Filter>
    </QtMoc>
    <QtMoc Include="include\ui\SpectrogramView.h">
      <Filter>Header Files</Filter>
    </QtMoc>
  </ItemGroup>
  <ItemGroup>
    <ClInclude Include="include\core\AudioPreprocessor.h">
      <Filter>Header Files</Filter>
    </ClInclude>
    <ClInclude Include="include\core\JSONHandler.h">
      <Filter>Header Files</Filter>
    </ClInclude>
    <ClInclude Include="include\core\SuitState.h">
      <Filter>Header Files</Filter>
    </ClInclude>
    <ClInclude Include="include\core\Timeline.h">
      <Filter>Header Files</Filter>
    </ClInclude>
    <ClInclude Include="include\core\WaypointCompressor.h">
      <Filter>Header Files</Filter>
    </ClInclude>
    <ClInclude Include="include\core\WaypointSerializer.h">
      <Filter>Header Files</Filter>
    </ClInclude>
    <ClInclude Include="include\fftw3\fftw3.h">
      <Filter>Header Files</Filter>
    </ClInclude>
    <ClInclude Include="include\libsndfile\sndfile.h">
      <Filter>Header Files</Filter>
    </ClInclude>
    <ClInclude Include="include\libsndfile\sndfile.hh">
      <Filter>Header Files</Filter>
    </ClInclude>
    <ClInclude Include="include\nlohmann\json.hpp">
      <Filter>Header Files</Filter>
    </ClInclude>
    <ClInclude Include="include\portaudio\pa_asio.h">
      <Filter>Header Files</Filter>
    </ClInclude>
    <ClInclude Include="include\portaudio\pa_jack.h">
      <Filter>Header Files</Filter>
    </ClInclude>
    <ClInclude Include="include\portaudio\pa_linux_alsa.h">
      <Filter>Header Files</Filter>
    </ClInclude>
    <ClInclude Include="include\portaudio\pa_mac_core.h">
      <Filter>Header Files</Filter>
    </ClInclude>
    <ClInclude Include="include\portaudio\pa_win_ds.h">
      <Filter>Header Files</Filter>
    </ClInclude>
    <ClInclude Include="include\portaudio\pa_win_wasapi.h">
      <Filter>Header Files</Filter>
    </ClInclude>
    <ClInclude Include="include\portaudio\pa_win_waveformat.h">
      <Filter>Header Files</Filter>
    </ClInclude>
    <ClInclude Include="include\portaudio\pa_win_wdmks.h">
      <Filter>Header Files</Filter>
    </ClInclude>
    <ClInclude Include="include\portaudio\pa_win_wmme.h">
      <Filter>Header Files</Filter>
    </ClInclude>
    <ClInclude Include="include\portaudio\portaudio.h">
      <Filter>Header Files</Filter>
    </ClInclude>
    <ClInclude Include="include\ui\Preset.h">
      <Filter>Header Files</Filter>
    </ClInclude>
    <ClInclude Include="include\ui\PresetManager.h">
      <Filter>Header Files</Filter>
    </ClInclude>
    <ClInclude Include="include\config.h">
      <Filter>Header Files</Filter>
    </ClInclude>
    <ClInclude Include="include\ConfigUtils.h">
      <Filter>Header Files</Filter>
    </ClInclude>
    <ClInclude Include="include\utils.h">
      <Filter>Header Files</Filter>
    </ClInclude>
  </ItemGroup>
  <ItemGroup>
    <None Include="vcpkg.json" />
    <None Include="resources\icons\man.svg" />
    <None Include="resources\metronomSuit1.json" />
    <None Include="resources\netronomAllHeads.json" />
    <None Include="resources\presets.json" />
    <None Include="resources\spectrogram_techno new.csv" />
    <None Include="resources\spectrogram_techno.csv" />
  </ItemGroup>
  <ItemGroup>
    <Media Include="resources\mono_test_audio.wav">
      <Filter>Resource Files</Filter>
    </Media>
    <Media Include="resources\mono_test_audio_1000Hz.wav">
      <Filter>Resource Files</Filter>
    </Media>
    <Media Include="resources\mono_test_audio_metronom.wav">
      <Filter>Resource Files</Filter>
    </Media>
    <Media Include="resources\mono_test_audio_moon.wav">
      <Filter>Resource Files</Filter>
    </Media>
    <Media Include="resources\mono_test_audio_survive.wav">
      <Filter>Resource Files</Filter>
    </Media>
    <Media Include="resources\output.wav">
      <Filter>Resource Files</Filter>
    </Media>
    <Media Include="resources\test_audio.wav">
      <Filter>Resource Files</Filter>
    </Media>
    <Media Include="resources\test_audio_techno.wav">
      <Filter>Resource Files</Filter>
    </Media>
  </ItemGroup>
  <ItemGroup>
    <Image Include="resources\icons\AddWaypoint.png">
      <Filter>Resource Files</Filter>
    </Image>
    <Image Include="resources\icons\Bin.png">
      <Filter>Resource Files</Filter>
    </Image>
    <Image Include="resources\icons\DeleteWaypoint.png">
      <Filter>Resource Files</Filter>
    </Image>
    <Image Include="resources\icons\Distribute.png">
      <Filter>Resource Files</Filter>
    </Image>
    <Image Include="resources\icons\Export.png">
      <Filter>Resource Files</Filter>
    </Image>
    <Image Include="resources\icons\File.png">
      <Filter>Resource Files</Filter>
    </Image>
    <Image Include="resources\icons\Import.png">
      <Filter>Resource Files</Filter>
    </Image>
    <Image Include="resources\icons\lan.png">
      <Filter>Resource Files</Filter>
    </Image>
    <Image Include="resources\icons\lanGreen.png">
      <Filter>Resource Files</Filter>
    </Image>
    <Image Include="resources\icons\Pause.png">
      <Filter>Resource Files</Filter>
    </Image>
    <Image Include="resources\icons\Play.png">
      <Filter>Resource Files</Filter>
    </Image>
    <Image Include="resources\icons\Settings.png">
      <Filter>Resource Files</Filter>
    </Image>
    <Image Include="resources\icons\Stop.png">
      <Filter>Resource Files</Filter>
    </Image>
    <Image Include="resources\icons\Template.png">
      <Filter>Resource Files</Filter>
    </Image>
  </ItemGroup>
  <ItemGroup>
    <QtRcc Include="resources\resources.qrc">
      <Filter>Resource Files</Filter>
    </QtRcc>
  </ItemGroup>
  <ItemGroup>
    <Text Include="LICENSE.txt" />
  </ItemGroup>
</Project>